
Microsoft Visual Studio Solution File, Format Version 12.00
# Visual Studio Version 17
VisualStudioVersion = 17.9.34728.123
MinimumVisualStudioVersion = 10.0.40219.1
Project("{9A19103F-16F7-4668-BE54-9A1E7A4F7556}") = "BarclaysMDMWebApi", "BarclaysMDMWebApi\BarclaysMDMWebApi.csproj", "{EEF73650-998F-40C3-AD81-92081EDF1F5E}"
EndProject
Project("{FAE04EC0-301F-11D3-BF4B-00C04F79EFBC}") = "BarclaysMDMWebApi.Test", "BarclaysMDMWebApi.Test\BarclaysMDMWebApi.Test.csproj", "{5D3F9CE2-6735-4A7A-A030-37F6F67C1851}"
EndProject
Global
	GlobalSection(SolutionConfigurationPlatforms) = preSolution
		Debug|Any CPU = Debug|Any CPU
		Release|Any CPU = Release|Any CPU
	EndGlobalSection
	GlobalSection(ProjectConfigurationPlatforms) = postSolution
		{EEF73650-998F-40C3-AD81-92081EDF1F5E}.Debug|Any CPU.ActiveCfg = Debug|Any CPU
		{EEF73650-998F-40C3-AD81-92081EDF1F5E}.Debug|Any CPU.Build.0 = Debug|Any CPU
		{EEF73650-998F-40C3-AD81-92081EDF1F5E}.Release|Any CPU.ActiveCfg = Release|Any CPU
		{EEF73650-998F-40C3-AD81-92081EDF1F5E}.Release|Any CPU.Build.0 = Release|Any CPU
		{5D3F9CE2-6735-4A7A-A030-37F6F67C1851}.Debug|Any CPU.ActiveCfg = Debug|Any CPU
		{5D3F9CE2-6735-4A7A-A030-37F6F67C1851}.Debug|Any CPU.Build.0 = Debug|Any CPU
		{5D3F9CE2-6735-4A7A-A030-37F6F67C1851}.Release|Any CPU.ActiveCfg = Release|Any CPU
		{5D3F9CE2-6735-4A7A-A030-37F6F67C1851}.Release|Any CPU.Build.0 = Release|Any CPU
	EndGlobalSection
	GlobalSection(SolutionProperties) = preSolution
		HideSolutionNode = FALSE
	EndGlobalSection
	GlobalSection(ExtensibilityGlobals) = postSolution
		SolutionGuid = {DAF13A7D-B178-4B88-B7F1-C5A4062BEA85}
	EndGlobalSection
EndGlobal
